
Microsoft Visual Studio Solution File, Format Version 12.00
# Visual Studio Version 17
VisualStudioVersion = 17.9.34902.65
MinimumVisualStudioVersion = 10.0.40219.1
Project("{FAE04EC0-301F-11D3-BF4B-00C04F79EFBC}") = "PRJ_DSC", "PRJ_DSC\PRJ_DSC.csproj", "{2F9E58D3-3F0B-4337-ABE0-8BFBFF36954B}"
EndProject
Global
	GlobalSection(SolutionConfigurationPlatforms) = preSolution
		Debug|Any CPU = Debug|Any CPU
		Release|Any CPU = Release|Any CPU
	EndGlobalSection
	GlobalSection(ProjectConfigurationPlatforms) = postSolution
		{2F9E58D3-3F0B-4337-ABE0-8BFBFF36954B}.Debug|Any CPU.ActiveCfg = Debug|Any CPU
		{2F9E58D3-3F0B-4337-ABE0-8BFBFF36954B}.Debug|Any CPU.Build.0 = Debug|Any CPU
		{2F9E58D3-3F0B-4337-ABE0-8BFBFF36954B}.Release|Any CPU.ActiveCfg = Release|Any CPU
		{2F9E58D3-3F0B-4337-ABE0-8BFBFF36954B}.Release|Any CPU.Build.0 = Release|Any CPU
	EndGlobalSection
	GlobalSection(SolutionProperties) = preSolution
		HideSolutionNode = FALSE
	EndGlobalSection
	GlobalSection(ExtensibilityGlobals) = postSolution
		SolutionGuid = {72CC6509-D68A-49A8-BCCC-2FFAFF65C8E8}
	EndGlobalSection
EndGlobal
